
Microsoft Visual Studio Solution File, Format Version 12.00
# Visual Studio Version 16
VisualStudioVersion = 16.0.29215.179
MinimumVisualStudioVersion = 10.0.40219.1
Project("{FAE04EC0-301F-11D3-BF4B-00C04F79EFBC}") = "VisualStudio 2019 C Sharp Git Demo", "VisualStudio 2019 C Sharp Git Demo.csproj", "{A3214BBC-0970-4CB2-BBDF-7EA95730877E}"
EndProject
Global
	GlobalSection(SolutionConfigurationPlatforms) = preSolution
		Debug|Any CPU = Debug|Any CPU
		Release|Any CPU = Release|Any CPU
	EndGlobalSection
	GlobalSection(ProjectConfigurationPlatforms) = postSolution
		{A3214BBC-0970-4CB2-BBDF-7EA95730877E}.Debug|Any CPU.ActiveCfg = Debug|Any CPU
		{A3214BBC-0970-4CB2-BBDF-7EA95730877E}.Debug|Any CPU.Build.0 = Debug|Any CPU
		{A3214BBC-0970-4CB2-BBDF-7EA95730877E}.Release|Any CPU.ActiveCfg = Release|Any CPU
		{A3214BBC-0970-4CB2-BBDF-7EA95730877E}.Release|Any CPU.Build.0 = Release|Any CPU
	EndGlobalSection
	GlobalSection(SolutionProperties) = preSolution
		HideSolutionNode = FALSE
	EndGlobalSection
	GlobalSection(ExtensibilityGlobals) = postSolution
		SolutionGuid = {FD1CEDB9-FF9D-4EA2-B649-2E8F382EF434}
	EndGlobalSection
EndGlobal
